// !$*UTF8*$!
{
	archiveVersion = 1;
	classes = {
	};
	objectVersion = 46;
	objects = {

/* Begin PBXBuildFile section */
		9563C4AB1D16545F00DDEB23 /* Main.storyboard in Resources */ = {isa = PBXBuildFile; fileRef = 9563C4A91D16545F00DDEB23 /* Main.storyboard */; };
		9563C4AD1D16560400DDEB23 /* WebVC.swift in Sources */ = {isa = PBXBuildFile; fileRef = 9563C4AC1D16560400DDEB23 /* WebVC.swift */; };
		95703EAB1D16066500163A5B /* Movie+CoreDataProperties.swift in Sources */ = {isa = PBXBuildFile; fileRef = 95703EA91D16066500163A5B /* Movie+CoreDataProperties.swift */; };
		95703EAC1D16066500163A5B /* Movie.swift in Sources */ = {isa = PBXBuildFile; fileRef = 95703EAA1D16066500163A5B /* Movie.swift */; };
		95703EAE1D16088E00163A5B /* MovieCell.swift in Sources */ = {isa = PBXBuildFile; fileRef = 95703EAD1D16088E00163A5B /* MovieCell.swift */; };
		9596AEF81D14524200FC8964 /* AppDelegate.swift in Sources */ = {isa = PBXBuildFile; fileRef = 9596AEF71D14524200FC8964 /* AppDelegate.swift */; };
		9596AEFA1D14524200FC8964 /* ViewController.swift in Sources */ = {isa = PBXBuildFile; fileRef = 9596AEF91D14524200FC8964 /* ViewController.swift */; };
		9596AF001D14524200FC8964 /* Favorite_Movies.xcdatamodeld in Sources */ = {isa = PBXBuildFile; fileRef = 9596AEFE1D14524200FC8964 /* Favorite_Movies.xcdatamodeld */; };
		9596AF021D14524200FC8964 /* Assets.xcassets in Resources */ = {isa = PBXBuildFile; fileRef = 9596AF011D14524200FC8964 /* Assets.xcassets */; };
		9596AF051D14524200FC8964 /* LaunchScreen.storyboard in Resources */ = {isa = PBXBuildFile; fileRef = 9596AF031D14524200FC8964 /* LaunchScreen.storyboard */; };
		95C5D3671D145BD60018AD50 /* TableVC.swift in Sources */ = {isa = PBXBuildFile; fileRef = 95C5D3661D145BD60018AD50 /* TableVC.swift */; };
/* End PBXBuildFile section */

/* Begin PBXFileReference section */
		9563C4AA1D16545F00DDEB23 /* Base */ = {isa = PBXFileReference; lastKnownFileType = file.storyboard; name = Base; path = Base.lproj/Main.storyboard; sourceTree = "<group>"; };
		9563C4AC1D16560400DDEB23 /* WebVC.swift */ = {isa = PBXFileReference; fileEncoding = 4; lastKnownFileType = sourcecode.swift; path = WebVC.swift; sourceTree = "<group>"; };
		95703EA91D16066500163A5B /* Movie+CoreDataProperties.swift */ = {isa = PBXFileReference; fileEncoding = 4; lastKnownFileType = sourcecode.swift; name = "Movie+CoreDataProperties.swift"; path = "../Movie+CoreDataProperties.swift"; sourceTree = "<group>"; };
		95703EAA1D16066500163A5B /* Movie.swift */ = {isa = PBXFileReference; fileEncoding = 4; lastKnownFileType = sourcecode.swift; name = Movie.swift; path = ../Movie.swift; sourceTree = "<group>"; };
		95703EAD1D16088E00163A5B /* MovieCell.swift */ = {isa = PBXFileReference; fileEncoding = 4; lastKnownFileType = sourcecode.swift; path = MovieCell.swift; sourceTree = "<group>"; };
		9596AEF41D14524200FC8964 /* Favorite_Movies.app */ = {isa = PBXFileReference; explicitFileType = wrapper.application; includeInIndex = 0; path = Favorite_Movies.app; sourceTree = BUILT_PRODUCTS_DIR; };
		9596AEF71D14524200FC8964 /* AppDelegate.swift */ = {isa = PBXFileReference; lastKnownFileType = sourcecode.swift; path = AppDelegate.swift; sourceTree = "<group>"; };
		9596AEF91D14524200FC8964 /* ViewController.swift */ = {isa = PBXFileReference; lastKnownFileType = sourcecode.swift; path = ViewController.swift; sourceTree = "<group>"; };
		9596AEFF1D14524200FC8964 /* Favorite_Movies.xcdatamodel */ = {isa = PBXFileReference; lastKnownFileType = wrapper.xcdatamodel; path = Favorite_Movies.xcdatamodel; sourceTree = "<group>"; };
		9596AF011D14524200FC8964 /* Assets.xcassets */ = {isa = PBXFileReference; lastKnownFileType = folder.assetcatalog; path = Assets.xcassets; sourceTree = "<group>"; };
		9596AF041D14524200FC8964 /* Base */ = {isa = PBXFileReference; lastKnownFileType = file.storyboard; name = Base; path = Base.lproj/LaunchScreen.storyboard; sourceTree = "<group>"; };
		9596AF061D14524200FC8964 /* Info.plist */ = {isa = PBXFileReference; lastKnownFileType = text.plist.xml; path = Info.plist; sourceTree = "<group>"; };
		95C5D3661D145BD60018AD50 /* TableVC.swift */ = {isa = PBXFileReference; fileEncoding = 4; lastKnownFileType = sourcecode.swift; path = TableVC.swift; sourceTree = "<group>"; };
/* End PBXFileReference section */

/* Begin PBXFrameworksBuildPhase section */
		9596AEF11D14524200FC8964 /* Frameworks */ = {
			isa = PBXFrameworksBuildPhase;
			buildActionMask = 2147483647;
			files = (
			);
			runOnlyForDeploymentPostprocessing = 0;
		};
/* End PBXFrameworksBuildPhase section */

/* Begin PBXGroup section */
		95703EA41D15FEAE00163A5B /* Model */ = {
			isa = PBXGroup;
			children = (
				9596AEFE1D14524200FC8964 /* Favorite_Movies.xcdatamodeld */,
				95703EA91D16066500163A5B /* Movie+CoreDataProperties.swift */,
				95703EAA1D16066500163A5B /* Movie.swift */,
			);
			name = Model;
			sourceTree = "<group>";
		};
		95703EA51D15FEBC00163A5B /* View */ = {
			isa = PBXGroup;
			children = (
				9563C4A91D16545F00DDEB23 /* Main.storyboard */,
				9596AF031D14524200FC8964 /* LaunchScreen.storyboard */,
				95703EAD1D16088E00163A5B /* MovieCell.swift */,
			);
			name = View;
			sourceTree = "<group>";
		};
		95703EA61D15FEC700163A5B /* Controller */ = {
			isa = PBXGroup;
			children = (
				9596AEF71D14524200FC8964 /* AppDelegate.swift */,
				9596AEF91D14524200FC8964 /* ViewController.swift */,
				95C5D3661D145BD60018AD50 /* TableVC.swift */,
				9563C4AC1D16560400DDEB23 /* WebVC.swift */,
			);
			name = Controller;
			sourceTree = "<group>";
		};
		9596AEEB1D14524200FC8964 = {
			isa = PBXGroup;
			children = (
				9596AEF61D14524200FC8964 /* Favorite_Movies */,
				9596AEF51D14524200FC8964 /* Products */,
			);
			sourceTree = "<group>";
		};
		9596AEF51D14524200FC8964 /* Products */ = {
			isa = PBXGroup;
			children = (
				9596AEF41D14524200FC8964 /* Favorite_Movies.app */,
			);
			name = Products;
			sourceTree = "<group>";
		};
		9596AEF61D14524200FC8964 /* Favorite_Movies */ = {
			isa = PBXGroup;
			children = (
				95703EA41D15FEAE00163A5B /* Model */,
				95703EA51D15FEBC00163A5B /* View */,
				95703EA61D15FEC700163A5B /* Controller */,
				9596AF011D14524200FC8964 /* Assets.xcassets */,
				9596AF061D14524200FC8964 /* Info.plist */,
			);
			path = Favorite_Movies;
			sourceTree = "<group>";
		};
/* End PBXGroup section */

/* Begin PBXNativeTarget section */
		9596AEF31D14524200FC8964 /* Favorite_Movies */ = {
			isa = PBXNativeTarget;
			buildConfigurationList = 9596AF091D14524200FC8964 /* Build configuration list for PBXNativeTarget "Favorite_Movies" */;
			buildPhases = (
				9596AEF01D14524200FC8964 /* Sources */,
				9596AEF11D14524200FC8964 /* Frameworks */,
				9596AEF21D14524200FC8964 /* Resources */,
			);
			buildRules = (
			);
			dependencies = (
			);
			name = Favorite_Movies;
			productName = Favorite_Movies;
			productReference = 9596AEF41D14524200FC8964 /* Favorite_Movies.app */;
			productType = "com.apple.product-type.application";
		};
/* End PBXNativeTarget section */

/* Begin PBXProject section */
		9596AEEC1D14524200FC8964 /* Project object */ = {
			isa = PBXProject;
			attributes = {
				LastSwiftUpdateCheck = 0730;
				LastUpgradeCheck = 0730;
				ORGANIZATIONNAME = "Daniel Parra";
				TargetAttributes = {
					9596AEF31D14524200FC8964 = {
						CreatedOnToolsVersion = 7.3.1;
					};
				};
			};
			buildConfigurationList = 9596AEEF1D14524200FC8964 /* Build configuration list for PBXProject "Favorite_Movies" */;
			compatibilityVersion = "Xcode 3.2";
			developmentRegion = English;
			hasScannedForEncodings = 0;
			knownRegions = (
				en,
				Base,
			);
			mainGroup = 9596AEEB1D14524200FC8964;
			productRefGroup = 9596AEF51D14524200FC8964 /* Products */;
			projectDirPath = "";
			projectRoot = "";
			targets = (
				9596AEF31D14524200FC8964 /* Favorite_Movies */,
			);
		};
/* End PBXProject section */

/* Begin PBXResourcesBuildPhase section */
		9596AEF21D14524200FC8964 /* Resources */ = {
			isa = PBXResourcesBuildPhase;
			buildActionMask = 2147483647;
			files = (
				9563C4AB1D16545F00DDEB23 /* Main.storyboard in Resources */,
				9596AF051D14524200FC8964 /* LaunchScreen.storyboard in Resources */,
				9596AF021D14524200FC8964 /* Assets.xcassets in Resources */,
			);
			runOnlyForDeploymentPostprocessing = 0;
		};
/* End PBXResourcesBuildPhase section */

/* Begin PBXSourcesBuildPhase section */
		9596AEF01D14524200FC8964 /* Sources */ = {
			isa = PBXSourcesBuildPhase;
			buildActionMask = 2147483647;
			files = (
				95703EAE1D16088E00163A5B /* MovieCell.swift in Sources */,
				95703EAC1D16066500163A5B /* Movie.swift in Sources */,
				9596AF001D14524200FC8964 /* Favorite_Movies.xcdatamodeld in Sources */,
				95C5D3671D145BD60018AD50 /* TableVC.swift in Sources */,
				9596AEFA1D14524200FC8964 /* ViewController.swift in Sources */,
				9563C4AD1D16560400DDEB23 /* WebVC.swift in Sources */,
				9596AEF81D14524200FC8964 /* AppDelegate.swift in Sources */,
				95703EAB1D16066500163A5B /* Movie+CoreDataProperties.swift in Sources */,
			);
			runOnlyForDeploymentPostprocessing = 0;
		};
/* End PBXSourcesBuildPhase section */

/* Begin PBXVariantGroup section */
		9563C4A91D16545F00DDEB23 /* Main.storyboard */ = {
			isa = PBXVariantGroup;
			children = (
				9563C4AA1D16545F00DDEB23 /* Base */,
			);
			name = Main.storyboard;
			sourceTree = "<group>";
		};
		9596AF031D14524200FC8964 /* LaunchScreen.storyboard */ = {
			isa = PBXVariantGroup;
			children = (
				9596AF041D14524200FC8964 /* Base */,
			);
			name = LaunchScreen.storyboard;
			sourceTree = "<group>";
		};
/* End PBXVariantGroup section */

/* Begin XCBuildConfiguration section */
		9596AF071D14524200FC8964 /* Debug */ = {
			isa = XCBuildConfiguration;
			buildSettings = {
				ALWAYS_SEARCH_USER_PATHS = NO;
				CLANG_ANALYZER_NONNULL = YES;
				CLANG_CXX_LANGUAGE_STANDARD = "gnu++0x";
				CLANG_CXX_LIBRARY = "libc++";
				CLANG_ENABLE_MODULES = YES;
				CLANG_ENABLE_OBJC_ARC = YES;
				CLANG_WARN_BOOL_CONVERSION = YES;
				CLANG_WARN_CONSTANT_CONVERSION = YES;
				CLANG_WARN_DIRECT_OBJC_ISA_USAGE = YES_ERROR;
				CLANG_WARN_EMPTY_BODY = YES;
				CLANG_WARN_ENUM_CONVERSION = YES;
				CLANG_WARN_INT_CONVERSION = YES;
				CLANG_WARN_OBJC_ROOT_CLASS = YES_ERROR;
				CLANG_WARN_UNREACHABLE_CODE = YES;
				CLANG_WARN__DUPLICATE_METHOD_MATCH = YES;
				"CODE_SIGN_IDENTITY[sdk=iphoneos*]" = "iPhone Developer";
				COPY_PHASE_STRIP = NO;
				DEBUG_INFORMATION_FORMAT = dwarf;
				ENABLE_STRICT_OBJC_MSGSEND = YES;
				ENABLE_TESTABILITY = YES;
				GCC_C_LANGUAGE_STANDARD = gnu99;
				GCC_DYNAMIC_NO_PIC = NO;
				GCC_NO_COMMON_BLOCKS = YES;
				GCC_OPTIMIZATION_LEVEL = 0;
				GCC_PREPROCESSOR_DEFINITIONS = (
					"DEBUG=1",
					"$(inherited)",
				);
				GCC_WARN_64_TO_32_BIT_CONVERSION = YES;
				GCC_WARN_ABOUT_RETURN_TYPE = YES_ERROR;
				GCC_WARN_UNDECLARED_SELECTOR = YES;
				GCC_WARN_UNINITIALIZED_AUTOS = YES_AGGRESSIVE;
				GCC_WARN_UNUSED_FUNCTION = YES;
				GCC_WARN_UNUSED_VARIABLE = YES;
				IPHONEOS_DEPLOYMENT_TARGET = 9.3;
				MTL_ENABLE_DEBUG_INFO = YES;
				ONLY_ACTIVE_ARCH = YES;
				SDKROOT = iphoneos;
				SWIFT_OPTIMIZATION_LEVEL = "-Onone";
			};
			name = Debug;
		};
		9596AF081D14524200FC8964 /* Release */ = {
			isa = XCBuildConfiguration;
			buildSettings = {
				ALWAYS_SEARCH_USER_PATHS = NO;
				CLANG_ANALYZER_NONNULL = YES;
				CLANG_CXX_LANGUAGE_STANDARD = "gnu++0x";
				CLANG_CXX_LIBRARY = "libc++";
				CLANG_ENABLE_MODULES = YES;
				CLANG_ENABLE_OBJC_ARC = YES;
				CLANG_WARN_BOOL_CONVERSION = YES;
				CLANG_WARN_CONSTANT_CONVERSION = YES;
				CLANG_WARN_DIRECT_OBJC_ISA_USAGE = YES_ERROR;
				CLANG_WARN_EMPTY_BODY = YES;
				CLANG_WARN_ENUM_CONVERSION = YES;
				CLANG_WARN_INT_CONVERSION = YES;
				CLANG_WARN_OBJC_ROOT_CLASS = YES_ERROR;
				CLANG_WARN_UNREACHABLE_CODE = YES;
				CLANG_WARN__DUPLICATE_METHOD_MATCH = YES;
				"CODE_SIGN_IDENTITY[sdk=iphoneos*]" = "iPhone Developer";
				COPY_PHASE_STRIP = NO;
				DEBUG_INFORMATION_FORMAT = "dwarf-with-dsym";
				ENABLE_NS_ASSERTIONS = NO;
				ENABLE_STRICT_OBJC_MSGSEND = YES;
				GCC_C_LANGUAGE_STANDARD = gnu99;
				GCC_NO_COMMON_BLOCKS = YES;
				GCC_WARN_64_TO_32_BIT_CONVERSION = YES;
				GCC_WARN_ABOUT_RETURN_TYPE = YES_ERROR;
				GCC_WARN_UNDECLARED_SELECTOR = YES;
				GCC_WARN_UNINITIALIZED_AUTOS = YES_AGGRESSIVE;
				GCC_WARN_UNUSED_FUNCTION = YES;
				GCC_WARN_UNUSED_VARIABLE = YES;
				IPHONEOS_DEPLOYMENT_TARGET = 9.3;
				MTL_ENABLE_DEBUG_INFO = NO;
				SDKROOT = iphoneos;
				VALIDATE_PRODUCT = YES;
			};
			name = Release;
		};
		9596AF0A1D14524200FC8964 /* Debug */ = {
			isa = XCBuildConfiguration;
			buildSettings = {
				ASSETCATALOG_COMPILER_APPICON_NAME = AppIcon;
				INFOPLIST_FILE = Favorite_Movies/Info.plist;
				LD_RUNPATH_SEARCH_PATHS = "$(inherited) @executable_path/Frameworks";
				PRODUCT_BUNDLE_IDENTIFIER = "com.example.Favorite-Movies";
				PRODUCT_NAME = "$(TARGET_NAME)";
			};
			name = Debug;
		};
		9596AF0B1D14524200FC8964 /* Release */ = {
			isa = XCBuildConfiguration;
			buildSettings = {
				ASSETCATALOG_COMPILER_APPICON_NAME = AppIcon;
				INFOPLIST_FILE = Favorite_Movies/Info.plist;
				LD_RUNPATH_SEARCH_PATHS = "$(inherited) @executable_path/Frameworks";
				PRODUCT_BUNDLE_IDENTIFIER = "com.example.Favorite-Movies";
				PRODUCT_NAME = "$(TARGET_NAME)";
			};
			name = Release;
		};
/* End XCBuildConfiguration section */

/* Begin XCConfigurationList section */
		9596AEEF1D14524200FC8964 /* Build configuration list for PBXProject "Favorite_Movies" */ = {
			isa = XCConfigurationList;
			buildConfigurations = (
				9596AF071D14524200FC8964 /* Debug */,
				9596AF081D14524200FC8964 /* Release */,
			);
			defaultConfigurationIsVisible = 0;
			defaultConfigurationName = Release;
		};
		9596AF091D14524200FC8964 /* Build configuration list for PBXNativeTarget "Favorite_Movies" */ = {
			isa = XCConfigurationList;
			buildConfigurations = (
				9596AF0A1D14524200FC8964 /* Debug */,
				9596AF0B1D14524200FC8964 /* Release */,
			);
			defaultConfigurationIsVisible = 0;
			defaultConfigurationName = Release;
		};
/* End XCConfigurationList section */

/* Begin XCVersionGroup section */
		9596AEFE1D14524200FC8964 /* Favorite_Movies.xcdatamodeld */ = {
			isa = XCVersionGroup;
			children = (
				9596AEFF1D14524200FC8964 /* Favorite_Movies.xcdatamodel */,
			);
			currentVersion = 9596AEFF1D14524200FC8964 /* Favorite_Movies.xcdatamodel */;
			path = Favorite_Movies.xcdatamodeld;
			sourceTree = "<group>";
			versionGroupType = wrapper.xcdatamodel;
		};
/* End XCVersionGroup section */
	};
	rootObject = 9596AEEC1D14524200FC8964 /* Project object */;
}
